
Microsoft Visual Studio Solution File, Format Version 11.00
# Visual Studio 2010
# SharpDevelop 4.4
Project("{F184B08F-C81C-45F6-A57F-5ABD9991F28F}") = "GCDUserInterface", "GCDUserInterface.vbproj", "{0808238E-1257-4D67-9D92-FFD785095062}"
EndProject
Project("{FAE04EC0-301F-11D3-BF4B-00C04F79EFBC}") = "GCDUserInterface.Converted", "..\GCDUserInterface.ConvertedToC#\GCDUserInterface.Converted.csproj", "{C4335B5F-922E-4C12-A149-D1240E141821}"
EndProject
Global
	GlobalSection(SolutionConfigurationPlatforms) = preSolution
		Debug|Any CPU = Debug|Any CPU
		Release|Any CPU = Release|Any CPU
	EndGlobalSection
	GlobalSection(ProjectConfigurationPlatforms) = postSolution
		{0808238E-1257-4D67-9D92-FFD785095062}.Debug|Any CPU.Build.0 = Debug|Any CPU
		{0808238E-1257-4D67-9D92-FFD785095062}.Debug|Any CPU.ActiveCfg = Debug|Any CPU
		{0808238E-1257-4D67-9D92-FFD785095062}.Release|Any CPU.Build.0 = Release|Any CPU
		{0808238E-1257-4D67-9D92-FFD785095062}.Release|Any CPU.ActiveCfg = Release|Any CPU
		{C4335B5F-922E-4C12-A149-D1240E141821}.Debug|Any CPU.Build.0 = Debug|Any CPU
		{C4335B5F-922E-4C12-A149-D1240E141821}.Debug|Any CPU.ActiveCfg = Debug|Any CPU
		{C4335B5F-922E-4C12-A149-D1240E141821}.Release|Any CPU.Build.0 = Release|Any CPU
		{C4335B5F-922E-4C12-A149-D1240E141821}.Release|Any CPU.ActiveCfg = Release|Any CPU
	EndGlobalSection
EndGlobal
